{
  "lockfileVersion": 1,
  "configVersion": 0,
  "workspaces": {
    "": {
      "dependencies": {
        "@targoninc/jess": "^0.0.11",
        "@targoninc/ts-search": "^0.0.5",
        "zod": "^4.1.12",
      },
      "devDependencies": {
        "@passwordless-id/webauthn": "^2.3.0",
        "@types/bun": "latest",
        "bun-plugin-dtsx": "^0.21.9",
      },
      "peerDependencies": {
        "typescript": "^5",
      },
    },
  },
  "packages": {
    "@passwordless-id/webauthn": ["@passwordless-id/webauthn@2.3.0", "", {}, "sha512-D3+ncFPHutmwYVI84+5aQrFa42rRu+Rg0/Pxw8fjfyhMEydmeWIwp7kNONdZpqBjzXI1IMcGUBuJy931aE/Y7Q=="],

    "@stacksjs/dtsx": ["@stacksjs/dtsx@0.8.0", "", { "bin": { "dtsx": "dist/cli.js" } }, "sha512-x7HxXTRZTrwvpSTZlxL5lu4F1sFHnDynAQBNr3UIkrctCKQbe7dYM21SfEozBx5+qBk+Mv1yZUvrUL/aA1bQwg=="],

    "@targoninc/jess": ["@targoninc/jess@0.0.11", "", { "peerDependencies": { "typescript": "^5" } }, "sha512-ygLvnKGssZUPTPH5viYnOUnuPgSUO9kHt6KUmnuJ1tmMOmA6J06uUr5anM+eHsHQb99Eju2u1+DD9r6azxSG5w=="],

    "@targoninc/ts-search": ["@targoninc/ts-search@0.0.5", "", { "peerDependencies": { "typescript": "^5" } }, "sha512-30RdVX6nUDX9GN+J9XavlE/Ab+X8h3O9x4D/Lb1/GWZRGcCd2NRhy49p6lCeculuJ09/MXvD1UE3a8X3wjISTQ=="],

    "@types/bun": ["@types/bun@1.2.10", "", { "dependencies": { "bun-types": "1.2.10" } }, "sha512-eilv6WFM3M0c9ztJt7/g80BDusK98z/FrFwseZgT4bXCq2vPhXD4z8R3oddmAn+R/Nmz9vBn4kweJKmGTZj+lg=="],

    "@types/node": ["@types/node@22.15.3", "", { "dependencies": { "undici-types": "~6.21.0" } }, "sha512-lX7HFZeHf4QG/J7tBZqrCAXwz9J5RD56Y6MpP0eJkka8p+K0RY/yBTW7CYFJ4VGCclxqOLKmiGP5juQc6MKgcw=="],

    "bun-plugin-dtsx": ["bun-plugin-dtsx@0.21.9", "", { "dependencies": { "@stacksjs/dtsx": "^0.8.0" } }, "sha512-ZEGVuJllTxvTGGa+fcKst0/FvShPsdll209PVWgGalEeLxsp5NfGbmmPAHsHHLxNlffxizdY+cGwI7ZmmWUpRw=="],

    "bun-types": ["bun-types@1.2.10", "", { "dependencies": { "@types/node": "*" } }, "sha512-b5ITZMnVdf3m1gMvJHG+gIfeJHiQPJak0f7925Hxu6ZN5VKA8AGy4GZ4lM+Xkn6jtWxg5S3ldWvfmXdvnkp3GQ=="],

    "typescript": ["typescript@5.8.3", "", { "bin": { "tsc": "bin/tsc", "tsserver": "bin/tsserver" } }, "sha512-p1diW6TqL9L07nNxvRMM7hMMw4c5XOo/1ibL4aAIGmSAt9slTE1Xgw5KWuof2uTOvCg9BY7ZRi+GaF+7sfgPeQ=="],

    "undici-types": ["undici-types@6.21.0", "", {}, "sha512-iwDZqg0QAGrg9Rav5H4n0M64c3mkR59cJ6wQp+7C4nI0gsmExaedaYLNO44eT4AtBBwjbTiGPMlt2Md0T9H9JQ=="],

    "zod": ["zod@4.1.12", "", {}, "sha512-JInaHOamG8pt5+Ey8kGmdcAcg3OL9reK8ltczgHTAwNhMys/6ThXHityHxVV2p3fkw/c+MAvBHFVYHFZDmjMCQ=="],
  }
}
